
Microsoft Visual Studio Solution File, Format Version 12.00
# Visual Studio 2013
VisualStudioVersion = 12.0.21005.1
MinimumVisualStudioVersion = 10.0.40219.1
Project("{FAE04EC0-301F-11D3-BF4B-00C04F79EFBC}") = "Common", "Common\Common.csproj", "{6AB4FDDE-81D8-4471-B694-8751AD2257C8}"
EndProject
Project("{FAE04EC0-301F-11D3-BF4B-00C04F79EFBC}") = "RemoteObject", "RemoteObject\RemoteObject.csproj", "{C1615713-B445-4271-BA2E-F35AEF36A392}"
EndProject
Project("{FAE04EC0-301F-11D3-BF4B-00C04F79EFBC}") = "Server", "Server\Server.csproj", "{1FC01DED-F3DC-4F8B-BFBA-4E1D2C3950E8}"
EndProject
Project("{FAE04EC0-301F-11D3-BF4B-00C04F79EFBC}") = "CameraCapture", "CameraCapture\CameraCapture.csproj", "{5F6B97F8-7EA6-4B5D-9A5D-F5581505C303}"
EndProject
Project("{FAE04EC0-301F-11D3-BF4B-00C04F79EFBC}") = "MoverClient", "MoverClient\MoverClient.csproj", "{620BE170-D199-4328-93F2-1E465CD3ADB7}"
EndProject
Project("{FAE04EC0-301F-11D3-BF4B-00C04F79EFBC}") = "CommomTest", "CommomTest\CommomTest.csproj", "{8132BE16-186C-4D4A-BBEF-DA49F1E5F7D2}"
EndProject
Global
	GlobalSection(SolutionConfigurationPlatforms) = preSolution
		Debug|Any CPU = Debug|Any CPU
		Release|Any CPU = Release|Any CPU
	EndGlobalSection
	GlobalSection(ProjectConfigurationPlatforms) = postSolution
		{6AB4FDDE-81D8-4471-B694-8751AD2257C8}.Debug|Any CPU.ActiveCfg = Debug|Any CPU
		{6AB4FDDE-81D8-4471-B694-8751AD2257C8}.Debug|Any CPU.Build.0 = Debug|Any CPU
		{6AB4FDDE-81D8-4471-B694-8751AD2257C8}.Release|Any CPU.ActiveCfg = Release|Any CPU
		{6AB4FDDE-81D8-4471-B694-8751AD2257C8}.Release|Any CPU.Build.0 = Release|Any CPU
		{C1615713-B445-4271-BA2E-F35AEF36A392}.Debug|Any CPU.ActiveCfg = Debug|Any CPU
		{C1615713-B445-4271-BA2E-F35AEF36A392}.Debug|Any CPU.Build.0 = Debug|Any CPU
		{C1615713-B445-4271-BA2E-F35AEF36A392}.Release|Any CPU.ActiveCfg = Release|Any CPU
		{C1615713-B445-4271-BA2E-F35AEF36A392}.Release|Any CPU.Build.0 = Release|Any CPU
		{1FC01DED-F3DC-4F8B-BFBA-4E1D2C3950E8}.Debug|Any CPU.ActiveCfg = Debug|Any CPU
		{1FC01DED-F3DC-4F8B-BFBA-4E1D2C3950E8}.Debug|Any CPU.Build.0 = Debug|Any CPU
		{1FC01DED-F3DC-4F8B-BFBA-4E1D2C3950E8}.Release|Any CPU.ActiveCfg = Release|Any CPU
		{1FC01DED-F3DC-4F8B-BFBA-4E1D2C3950E8}.Release|Any CPU.Build.0 = Release|Any CPU
		{5F6B97F8-7EA6-4B5D-9A5D-F5581505C303}.Debug|Any CPU.ActiveCfg = Debug|Any CPU
		{5F6B97F8-7EA6-4B5D-9A5D-F5581505C303}.Debug|Any CPU.Build.0 = Debug|Any CPU
		{5F6B97F8-7EA6-4B5D-9A5D-F5581505C303}.Release|Any CPU.ActiveCfg = Release|Any CPU
		{5F6B97F8-7EA6-4B5D-9A5D-F5581505C303}.Release|Any CPU.Build.0 = Release|Any CPU
		{620BE170-D199-4328-93F2-1E465CD3ADB7}.Debug|Any CPU.ActiveCfg = Debug|Any CPU
		{620BE170-D199-4328-93F2-1E465CD3ADB7}.Debug|Any CPU.Build.0 = Debug|Any CPU
		{620BE170-D199-4328-93F2-1E465CD3ADB7}.Release|Any CPU.ActiveCfg = Release|Any CPU
		{620BE170-D199-4328-93F2-1E465CD3ADB7}.Release|Any CPU.Build.0 = Release|Any CPU
		{8132BE16-186C-4D4A-BBEF-DA49F1E5F7D2}.Debug|Any CPU.ActiveCfg = Debug|Any CPU
		{8132BE16-186C-4D4A-BBEF-DA49F1E5F7D2}.Debug|Any CPU.Build.0 = Debug|Any CPU
		{8132BE16-186C-4D4A-BBEF-DA49F1E5F7D2}.Release|Any CPU.ActiveCfg = Release|Any CPU
		{8132BE16-186C-4D4A-BBEF-DA49F1E5F7D2}.Release|Any CPU.Build.0 = Release|Any CPU
	EndGlobalSection
	GlobalSection(SolutionProperties) = preSolution
		HideSolutionNode = FALSE
	EndGlobalSection
EndGlobal
